
Microsoft Visual Studio Solution File, Format Version 12.00
# Visual Studio Version 17
VisualStudioVersion = 17.1.32210.238
MinimumVisualStudioVersion = 10.0.40219.1
Project("{FAE04EC0-301F-11D3-BF4B-00C04F79EFBC}") = "uc_2_Binarytrees", "uc_2_Binarytrees.csproj", "{9341C951-E553-467B-8A1B-431402789444}"
EndProject
Global
	GlobalSection(SolutionConfigurationPlatforms) = preSolution
		Debug|Any CPU = Debug|Any CPU
		Release|Any CPU = Release|Any CPU
	EndGlobalSection
	GlobalSection(ProjectConfigurationPlatforms) = postSolution
		{9341C951-E553-467B-8A1B-431402789444}.Debug|Any CPU.ActiveCfg = Debug|Any CPU
		{9341C951-E553-467B-8A1B-431402789444}.Debug|Any CPU.Build.0 = Debug|Any CPU
		{9341C951-E553-467B-8A1B-431402789444}.Release|Any CPU.ActiveCfg = Release|Any CPU
		{9341C951-E553-467B-8A1B-431402789444}.Release|Any CPU.Build.0 = Release|Any CPU
	EndGlobalSection
	GlobalSection(SolutionProperties) = preSolution
		HideSolutionNode = FALSE
	EndGlobalSection
	GlobalSection(ExtensibilityGlobals) = postSolution
		SolutionGuid = {14B61725-016A-4618-9D64-91A7086CA264}
	EndGlobalSection
EndGlobal
