
Microsoft Visual Studio Solution File, Format Version 12.00
# Visual Studio Version 17
VisualStudioVersion = 17.1.32210.238
MinimumVisualStudioVersion = 10.0.40219.1
Project("{FAE04EC0-301F-11D3-BF4B-00C04F79EFBC}") = "uc_3", "uc_3.csproj", "{37B27618-D44D-429C-B25B-7912699161BA}"
EndProject
Global
	GlobalSection(SolutionConfigurationPlatforms) = preSolution
		Debug|Any CPU = Debug|Any CPU
		Release|Any CPU = Release|Any CPU
	EndGlobalSection
	GlobalSection(ProjectConfigurationPlatforms) = postSolution
		{37B27618-D44D-429C-B25B-7912699161BA}.Debug|Any CPU.ActiveCfg = Debug|Any CPU
		{37B27618-D44D-429C-B25B-7912699161BA}.Debug|Any CPU.Build.0 = Debug|Any CPU
		{37B27618-D44D-429C-B25B-7912699161BA}.Release|Any CPU.ActiveCfg = Release|Any CPU
		{37B27618-D44D-429C-B25B-7912699161BA}.Release|Any CPU.Build.0 = Release|Any CPU
	EndGlobalSection
	GlobalSection(SolutionProperties) = preSolution
		HideSolutionNode = FALSE
	EndGlobalSection
	GlobalSection(ExtensibilityGlobals) = postSolution
		SolutionGuid = {83698DA4-027D-4DDC-A822-4AAF8FE12FB0}
	EndGlobalSection
EndGlobal
