
Microsoft Visual Studio Solution File, Format Version 12.00
# Visual Studio Version 17
VisualStudioVersion = 17.1.32210.238
MinimumVisualStudioVersion = 10.0.40219.1
Project("{FAE04EC0-301F-11D3-BF4B-00C04F79EFBC}") = "uc3_binaryTree", "uc3_binaryTree.csproj", "{CEE3A013-180E-4277-8D5D-1FF32ACABC6A}"
EndProject
Global
	GlobalSection(SolutionConfigurationPlatforms) = preSolution
		Debug|Any CPU = Debug|Any CPU
		Release|Any CPU = Release|Any CPU
	EndGlobalSection
	GlobalSection(ProjectConfigurationPlatforms) = postSolution
		{CEE3A013-180E-4277-8D5D-1FF32ACABC6A}.Debug|Any CPU.ActiveCfg = Debug|Any CPU
		{CEE3A013-180E-4277-8D5D-1FF32ACABC6A}.Debug|Any CPU.Build.0 = Debug|Any CPU
		{CEE3A013-180E-4277-8D5D-1FF32ACABC6A}.Release|Any CPU.ActiveCfg = Release|Any CPU
		{CEE3A013-180E-4277-8D5D-1FF32ACABC6A}.Release|Any CPU.Build.0 = Release|Any CPU
	EndGlobalSection
	GlobalSection(SolutionProperties) = preSolution
		HideSolutionNode = FALSE
	EndGlobalSection
	GlobalSection(ExtensibilityGlobals) = postSolution
		SolutionGuid = {C6C679E2-A9D0-4AF4-B58B-56CA9B047EDD}
	EndGlobalSection
EndGlobal
